schema: '2.0'
stages:
  preprocess:
    cmd: python scripts/preprocess.py
    deps:
    - path: data/raw/data.csv
      hash: md5
      md5: 604166c864248a5871817a794bb9eaf6
      size: 155371
    - path: scripts/preprocess.py
      hash: md5
      md5: cc2a02d29a68b0b2b8aca95b2abb7bab
      size: 777
    params:
      params.yaml:
        preprocess.random_state: 42
        preprocess.test_split: 0.2
    outs:
    - path: data/processed/test.csv
      hash: md5
      md5: 33b85a34076f11e01a9b81615a43fa4b
      size: 33611
    - path: data/processed/train.csv
      hash: md5
      md5: 003136702856993644ff77e9f3fd0270
      size: 122058
  train:
    cmd: python scripts/train.py
    deps:
    - path: data/processed/train.csv
      hash: md5
      md5: 003136702856993644ff77e9f3fd0270
      size: 122058
    - path: scripts/train.py
      hash: md5
      md5: 719eaf6e76f154ee36682c2c28b17aa5
      size: 959
    params:
      params.yaml:
        train.max_depth: 1
        train.n_estimators: 2
        train.random_state: 42
    outs:
    - path: models/classifier.pkl
      hash: md5
      md5: 59b857588c05f41f788f9b75dd824d91
      size: 3055
  evaluate:
    cmd: python scripts/evaluate.py
    deps:
    - path: data/processed/test.csv
      hash: md5
      md5: 33b85a34076f11e01a9b81615a43fa4b
      size: 33611
    - path: models/classifier.pkl
      hash: md5
      md5: 59b857588c05f41f788f9b75dd824d91
      size: 3055
    - path: scripts/evaluate.py
      hash: md5
      md5: 04a9a22d9964f989e2761fcbaacaf601
      size: 872
    outs:
    - path: metrics/scores.json
      hash: md5
      md5: 97945d4c88f4998d65cddec16dc60fbd
      size: 131
