schema: '2.0'
stages:
  preprocess:
    cmd: python scripts/preprocess.py
    deps:
    - path: data/raw/data.csv
      hash: md5
      md5: 5afc23b9622f8f9ffa60824f4e97d0d5
      size: 121385
    - path: scripts/preprocess.py
      hash: md5
      md5: cc2a02d29a68b0b2b8aca95b2abb7bab
      size: 777
    params:
      params.yaml:
        preprocess.random_state: 42
        preprocess.test_split: 0.2
    outs:
    - path: data/processed/test.csv
      hash: md5
      md5: a0864871521c5b0a3859dc0e54ccbc29
      size: 24681
    - path: data/processed/train.csv
      hash: md5
      md5: 7bab774b027c20cb0c5d906f7b085507
      size: 97196
  train:
    cmd: python scripts/train.py
    deps:
    - path: data/processed/train.csv
      hash: md5
      md5: 7bab774b027c20cb0c5d906f7b085507
      size: 97196
    - path: scripts/train.py
      hash: md5
      md5: 719eaf6e76f154ee36682c2c28b17aa5
      size: 959
    params:
      params.yaml:
        train.max_depth: 4
        train.n_estimators: 20
        train.random_state: 42
    outs:
    - path: models/classifier.pkl
      hash: md5
      md5: 686088d9652393c57532495a6db7e35e
      size: 42797
  evaluate:
    cmd: python scripts/evaluate.py
    deps:
    - path: data/processed/test.csv
      hash: md5
      md5: a0864871521c5b0a3859dc0e54ccbc29
      size: 24681
    - path: models/classifier.pkl
      hash: md5
      md5: 686088d9652393c57532495a6db7e35e
      size: 42797
    - path: scripts/evaluate.py
      hash: md5
      md5: 04a9a22d9964f989e2761fcbaacaf601
      size: 872
    outs:
    - path: metrics/scores.json
      hash: md5
      md5: beaa6419914a4c5b1b152a6441ad1a51
      size: 129
